
Microsoft Visual Studio Solution File, Format Version 12.00
# Visual Studio Version 16
VisualStudioVersion = 16.0.28803.202
MinimumVisualStudioVersion = 10.0.40219.1
Project("{FAE04EC0-301F-11D3-BF4B-00C04F79EFBC}") = "DiscoverGrasshopper", "DiscoverGrasshopper\DiscoverGrasshopper.csproj", "{6E25DC86-7941-49E2-93B4-07295486F1D9}"
EndProject
Global
	GlobalSection(SolutionConfigurationPlatforms) = preSolution
		Debug|Any CPU = Debug|Any CPU
		Release|Any CPU = Release|Any CPU
	EndGlobalSection
	GlobalSection(ProjectConfigurationPlatforms) = postSolution
		{6E25DC86-7941-49E2-93B4-07295486F1D9}.Debug|Any CPU.ActiveCfg = Debug|Any CPU
		{6E25DC86-7941-49E2-93B4-07295486F1D9}.Debug|Any CPU.Build.0 = Debug|Any CPU
		{6E25DC86-7941-49E2-93B4-07295486F1D9}.Release|Any CPU.ActiveCfg = Release|Any CPU
		{6E25DC86-7941-49E2-93B4-07295486F1D9}.Release|Any CPU.Build.0 = Release|Any CPU
	EndGlobalSection
	GlobalSection(SolutionProperties) = preSolution
		HideSolutionNode = FALSE
	EndGlobalSection
	GlobalSection(ExtensibilityGlobals) = postSolution
		SolutionGuid = {72432965-5A5A-4D21-86C6-B82F74E31A90}
	EndGlobalSection
EndGlobal
